// !$*UTF8*$!
{
	archiveVersion = 1;
	classes = {
	};
	objectVersion = 56;
	objects = {

/* Begin PBXBuildFile section */
		C80B4F942B72B1E8000702F9 /* NetworkingService.swift in Sources */ = {isa = PBXBuildFile; fileRef = C80B4F932B72B1E8000702F9 /* NetworkingService.swift */; };
		C80B4F992B72B64A000702F9 /* Repository.swift in Sources */ = {isa = PBXBuildFile; fileRef = C80B4F982B72B64A000702F9 /* Repository.swift */; };
		C80B4F9C2B72BBA7000702F9 /* Artist.swift in Sources */ = {isa = PBXBuildFile; fileRef = C80B4F9B2B72BBA7000702F9 /* Artist.swift */; };
		C80B4F9F2B72BBC9000702F9 /* ArtistTests.swift in Sources */ = {isa = PBXBuildFile; fileRef = C80B4F9E2B72BBC9000702F9 /* ArtistTests.swift */; };
		C87EB27C2B6D4CED00576E77 /* MetricMusicApp.swift in Sources */ = {isa = PBXBuildFile; fileRef = C87EB27B2B6D4CED00576E77 /* MetricMusicApp.swift */; };
		C87EB27E2B6D4CED00576E77 /* BrowseView.swift in Sources */ = {isa = PBXBuildFile; fileRef = C87EB27D2B6D4CED00576E77 /* BrowseView.swift */; };
		C87EB2802B6D4CEF00576E77 /* Assets.xcassets in Resources */ = {isa = PBXBuildFile; fileRef = C87EB27F2B6D4CEF00576E77 /* Assets.xcassets */; };
		C87EB2832B6D4CEF00576E77 /* Preview Assets.xcassets in Resources */ = {isa = PBXBuildFile; fileRef = C87EB2822B6D4CEF00576E77 /* Preview Assets.xcassets */; };
		C87EB28D2B6D4CEF00576E77 /* BrowseViewModelTests.swift in Sources */ = {isa = PBXBuildFile; fileRef = C87EB28C2B6D4CEF00576E77 /* BrowseViewModelTests.swift */; };
		C87EB2A92B6D531500576E77 /* BrowseViewModel.swift in Sources */ = {isa = PBXBuildFile; fileRef = C87EB2A82B6D531500576E77 /* BrowseViewModel.swift */; };
		C8F6CA152B72D45D00759F3B /* ArtistMB.swift in Sources */ = {isa = PBXBuildFile; fileRef = C8F6CA142B72D45D00759F3B /* ArtistMB.swift */; };
		C8F6CA182B73A8D900759F3B /* AristSuggestionView.swift in Sources */ = {isa = PBXBuildFile; fileRef = C8F6CA172B73A8D900759F3B /* AristSuggestionView.swift */; };
		C8F6CA1C2B73C1A700759F3B /* ArtistDetailsView.swift in Sources */ = {isa = PBXBuildFile; fileRef = C8F6CA1B2B73C1A700759F3B /* ArtistDetailsView.swift */; };
		C8F6CA1E2B73C21400759F3B /* ArtistDetailsViewModel.swift in Sources */ = {isa = PBXBuildFile; fileRef = C8F6CA1D2B73C21400759F3B /* ArtistDetailsViewModel.swift */; };
		C8F6CA202B74D12E00759F3B /* PersistentStorage.swift in Sources */ = {isa = PBXBuildFile; fileRef = C8F6CA1F2B74D12E00759F3B /* PersistentStorage.swift */; };
		C8F6CA232B74E39200759F3B /* LoadingProgressIndicator.swift in Sources */ = {isa = PBXBuildFile; fileRef = C8F6CA222B74E39200759F3B /* LoadingProgressIndicator.swift */; };
		C8F6CA252B74E6BF00759F3B /* FavoritesEmptyStateView.swift in Sources */ = {isa = PBXBuildFile; fileRef = C8F6CA242B74E6BF00759F3B /* FavoritesEmptyStateView.swift */; };
		C8F6CA282B74EC1C00759F3B /* ArtistInfoView.swift in Sources */ = {isa = PBXBuildFile; fileRef = C8F6CA272B74EC1C00759F3B /* ArtistInfoView.swift */; };
		C8F6CA2A2B74ECDA00759F3B /* RecordingsView.swift in Sources */ = {isa = PBXBuildFile; fileRef = C8F6CA292B74ECDA00759F3B /* RecordingsView.swift */; };
		C8F6CA2C2B7504A700759F3B /* SuggestionsView.swift in Sources */ = {isa = PBXBuildFile; fileRef = C8F6CA2B2B7504A700759F3B /* SuggestionsView.swift */; };
		C8F6CA2F2B75082E00759F3B /* RecordingsContainer.swift in Sources */ = {isa = PBXBuildFile; fileRef = C8F6CA2E2B75082E00759F3B /* RecordingsContainer.swift */; };
		C8F6CA312B7508B900759F3B /* AlbumsRepository.swift in Sources */ = {isa = PBXBuildFile; fileRef = C8F6CA302B7508B900759F3B /* AlbumsRepository.swift */; };
		C8F6CA332B75091600759F3B /* ArtistRepository.swift in Sources */ = {isa = PBXBuildFile; fileRef = C8F6CA322B75091600759F3B /* ArtistRepository.swift */; };
		C8F6CA352B750CCC00759F3B /* Debouncer.swift in Sources */ = {isa = PBXBuildFile; fileRef = C8F6CA342B750CCC00759F3B /* Debouncer.swift */; };
		C8F6CA372B75249900759F3B /* ArtistDetailsViewModelTests.swift in Sources */ = {isa = PBXBuildFile; fileRef = C8F6CA362B75249900759F3B /* ArtistDetailsViewModelTests.swift */; };
/* End PBXBuildFile section */

/* Begin PBXContainerItemProxy section */
		C87EB2892B6D4CEF00576E77 /* PBXContainerItemProxy */ = {
			isa = PBXContainerItemProxy;
			containerPortal = C87EB2702B6D4CED00576E77 /* Project object */;
			proxyType = 1;
			remoteGlobalIDString = C87EB2772B6D4CED00576E77;
			remoteInfo = MetricMusic;
		};
/* End PBXContainerItemProxy section */

/* Begin PBXFileReference section */
		C80B4F932B72B1E8000702F9 /* NetworkingService.swift */ = {isa = PBXFileReference; lastKnownFileType = sourcecode.swift; path = NetworkingService.swift; sourceTree = "<group>"; };
		C80B4F982B72B64A000702F9 /* Repository.swift */ = {isa = PBXFileReference; lastKnownFileType = sourcecode.swift; path = Repository.swift; sourceTree = "<group>"; };
		C80B4F9B2B72BBA7000702F9 /* Artist.swift */ = {isa = PBXFileReference; lastKnownFileType = sourcecode.swift; path = Artist.swift; sourceTree = "<group>"; };
		C80B4F9E2B72BBC9000702F9 /* ArtistTests.swift */ = {isa = PBXFileReference; lastKnownFileType = sourcecode.swift; path = ArtistTests.swift; sourceTree = "<group>"; };
		C87EB2782B6D4CED00576E77 /* MetricMusic.app */ = {isa = PBXFileReference; explicitFileType = wrapper.application; includeInIndex = 0; path = MetricMusic.app; sourceTree = BUILT_PRODUCTS_DIR; };
		C87EB27B2B6D4CED00576E77 /* MetricMusicApp.swift */ = {isa = PBXFileReference; lastKnownFileType = sourcecode.swift; path = MetricMusicApp.swift; sourceTree = "<group>"; };
		C87EB27D2B6D4CED00576E77 /* BrowseView.swift */ = {isa = PBXFileReference; lastKnownFileType = sourcecode.swift; path = BrowseView.swift; sourceTree = "<group>"; };
		C87EB27F2B6D4CEF00576E77 /* Assets.xcassets */ = {isa = PBXFileReference; lastKnownFileType = folder.assetcatalog; path = Assets.xcassets; sourceTree = "<group>"; };
		C87EB2822B6D4CEF00576E77 /* Preview Assets.xcassets */ = {isa = PBXFileReference; lastKnownFileType = folder.assetcatalog; path = "Preview Assets.xcassets"; sourceTree = "<group>"; };
		C87EB2882B6D4CEF00576E77 /* MetricMusicTests.xctest */ = {isa = PBXFileReference; explicitFileType = wrapper.cfbundle; includeInIndex = 0; path = MetricMusicTests.xctest; sourceTree = BUILT_PRODUCTS_DIR; };
		C87EB28C2B6D4CEF00576E77 /* BrowseViewModelTests.swift */ = {isa = PBXFileReference; lastKnownFileType = sourcecode.swift; path = BrowseViewModelTests.swift; sourceTree = "<group>"; };
		C87EB2A82B6D531500576E77 /* BrowseViewModel.swift */ = {isa = PBXFileReference; lastKnownFileType = sourcecode.swift; path = BrowseViewModel.swift; sourceTree = "<group>"; };
		C8F6CA142B72D45D00759F3B /* ArtistMB.swift */ = {isa = PBXFileReference; lastKnownFileType = sourcecode.swift; path = ArtistMB.swift; sourceTree = "<group>"; };
		C8F6CA172B73A8D900759F3B /* AristSuggestionView.swift */ = {isa = PBXFileReference; lastKnownFileType = sourcecode.swift; path = AristSuggestionView.swift; sourceTree = "<group>"; };
		C8F6CA1B2B73C1A700759F3B /* ArtistDetailsView.swift */ = {isa = PBXFileReference; lastKnownFileType = sourcecode.swift; path = ArtistDetailsView.swift; sourceTree = "<group>"; };
		C8F6CA1D2B73C21400759F3B /* ArtistDetailsViewModel.swift */ = {isa = PBXFileReference; lastKnownFileType = sourcecode.swift; path = ArtistDetailsViewModel.swift; sourceTree = "<group>"; };
		C8F6CA1F2B74D12E00759F3B /* PersistentStorage.swift */ = {isa = PBXFileReference; lastKnownFileType = sourcecode.swift; path = PersistentStorage.swift; sourceTree = "<group>"; };
		C8F6CA222B74E39200759F3B /* LoadingProgressIndicator.swift */ = {isa = PBXFileReference; lastKnownFileType = sourcecode.swift; path = LoadingProgressIndicator.swift; sourceTree = "<group>"; };
		C8F6CA242B74E6BF00759F3B /* FavoritesEmptyStateView.swift */ = {isa = PBXFileReference; lastKnownFileType = sourcecode.swift; path = FavoritesEmptyStateView.swift; sourceTree = "<group>"; };
		C8F6CA272B74EC1C00759F3B /* ArtistInfoView.swift */ = {isa = PBXFileReference; lastKnownFileType = sourcecode.swift; path = ArtistInfoView.swift; sourceTree = "<group>"; };
		C8F6CA292B74ECDA00759F3B /* RecordingsView.swift */ = {isa = PBXFileReference; lastKnownFileType = sourcecode.swift; path = RecordingsView.swift; sourceTree = "<group>"; };
		C8F6CA2B2B7504A700759F3B /* SuggestionsView.swift */ = {isa = PBXFileReference; lastKnownFileType = sourcecode.swift; path = SuggestionsView.swift; sourceTree = "<group>"; };
		C8F6CA2E2B75082E00759F3B /* RecordingsContainer.swift */ = {isa = PBXFileReference; lastKnownFileType = sourcecode.swift; path = RecordingsContainer.swift; sourceTree = "<group>"; };
		C8F6CA302B7508B900759F3B /* AlbumsRepository.swift */ = {isa = PBXFileReference; lastKnownFileType = sourcecode.swift; path = AlbumsRepository.swift; sourceTree = "<group>"; };
		C8F6CA322B75091600759F3B /* ArtistRepository.swift */ = {isa = PBXFileReference; lastKnownFileType = sourcecode.swift; path = ArtistRepository.swift; sourceTree = "<group>"; };
		C8F6CA342B750CCC00759F3B /* Debouncer.swift */ = {isa = PBXFileReference; lastKnownFileType = sourcecode.swift; path = Debouncer.swift; sourceTree = "<group>"; };
		C8F6CA362B75249900759F3B /* ArtistDetailsViewModelTests.swift */ = {isa = PBXFileReference; lastKnownFileType = sourcecode.swift; path = ArtistDetailsViewModelTests.swift; sourceTree = "<group>"; };
/* End PBXFileReference section */

/* Begin PBXFrameworksBuildPhase section */
		C87EB2752B6D4CED00576E77 /* Frameworks */ = {
			isa = PBXFrameworksBuildPhase;
			buildActionMask = 2147483647;
			files = (
			);
			runOnlyForDeploymentPostprocessing = 0;
		};
		C87EB2852B6D4CEF00576E77 /* Frameworks */ = {
			isa = PBXFrameworksBuildPhase;
			buildActionMask = 2147483647;
			files = (
			);
			runOnlyForDeploymentPostprocessing = 0;
		};
/* End PBXFrameworksBuildPhase section */

/* Begin PBXGroup section */
		C80B4F912B72B11D000702F9 /* Services */ = {
			isa = PBXGroup;
			children = (
				C80B4F932B72B1E8000702F9 /* NetworkingService.swift */,
			);
			path = Services;
			sourceTree = "<group>";
		};
		C80B4F962B72B632000702F9 /* Common */ = {
			isa = PBXGroup;
			children = (
				C8F6CA342B750CCC00759F3B /* Debouncer.swift */,
				C8F6CA1F2B74D12E00759F3B /* PersistentStorage.swift */,
				C80B4F982B72B64A000702F9 /* Repository.swift */,
				C80B4F912B72B11D000702F9 /* Services */,
				C8F6CA212B74E37C00759F3B /* View */,
			);
			path = Common;
			sourceTree = "<group>";
		};
		C80B4F9A2B72BB94000702F9 /* Entity */ = {
			isa = PBXGroup;
			children = (
				C80B4F9B2B72BBA7000702F9 /* Artist.swift */,
				C8F6CA142B72D45D00759F3B /* ArtistMB.swift */,
			);
			path = Entity;
			sourceTree = "<group>";
		};
		C87EB26F2B6D4CED00576E77 = {
			isa = PBXGroup;
			children = (
				C87EB27A2B6D4CED00576E77 /* MetricMusic */,
				C87EB28B2B6D4CEF00576E77 /* MetricMusicTests */,
				C87EB2792B6D4CED00576E77 /* Products */,
			);
			sourceTree = "<group>";
		};
		C87EB2792B6D4CED00576E77 /* Products */ = {
			isa = PBXGroup;
			children = (
				C87EB2782B6D4CED00576E77 /* MetricMusic.app */,
				C87EB2882B6D4CEF00576E77 /* MetricMusicTests.xctest */,
			);
			name = Products;
			sourceTree = "<group>";
		};
		C87EB27A2B6D4CED00576E77 /* MetricMusic */ = {
			isa = PBXGroup;
			children = (
				C87EB2A72B6D51B900576E77 /* Application */,
				C80B4F962B72B632000702F9 /* Common */,
				C87EB2A52B6D51A200576E77 /* Modules */,
				C87EB27F2B6D4CEF00576E77 /* Assets.xcassets */,
				C87EB2812B6D4CEF00576E77 /* Preview Content */,
			);
			path = MetricMusic;
			sourceTree = "<group>";
		};
		C87EB2812B6D4CEF00576E77 /* Preview Content */ = {
			isa = PBXGroup;
			children = (
				C87EB2822B6D4CEF00576E77 /* Preview Assets.xcassets */,
			);
			path = "Preview Content";
			sourceTree = "<group>";
		};
		C87EB28B2B6D4CEF00576E77 /* MetricMusicTests */ = {
			isa = PBXGroup;
			children = (
				C87EB28C2B6D4CEF00576E77 /* BrowseViewModelTests.swift */,
				C8F6CA362B75249900759F3B /* ArtistDetailsViewModelTests.swift */,
				C80B4F9E2B72BBC9000702F9 /* ArtistTests.swift */,
			);
			path = MetricMusicTests;
			sourceTree = "<group>";
		};
		C87EB2A52B6D51A200576E77 /* Modules */ = {
			isa = PBXGroup;
			children = (
				C87EB2A62B6D51AE00576E77 /* Browse */,
				C8F6CA192B73C18C00759F3B /* ArtistDetails */,
			);
			path = Modules;
			sourceTree = "<group>";
		};
		C87EB2A62B6D51AE00576E77 /* Browse */ = {
			isa = PBXGroup;
			children = (
				C8F6CA322B75091600759F3B /* ArtistRepository.swift */,
				C87EB2A82B6D531500576E77 /* BrowseViewModel.swift */,
				C80B4F9A2B72BB94000702F9 /* Entity */,
				C8F6CA162B73A83700759F3B /* View */,
			);
			path = Browse;
			sourceTree = "<group>";
		};
		C87EB2A72B6D51B900576E77 /* Application */ = {
			isa = PBXGroup;
			children = (
				C87EB27B2B6D4CED00576E77 /* MetricMusicApp.swift */,
			);
			path = Application;
			sourceTree = "<group>";
		};
		C8F6CA162B73A83700759F3B /* View */ = {
			isa = PBXGroup;
			children = (
				C87EB27D2B6D4CED00576E77 /* BrowseView.swift */,
				C8F6CA172B73A8D900759F3B /* AristSuggestionView.swift */,
				C8F6CA242B74E6BF00759F3B /* FavoritesEmptyStateView.swift */,
				C8F6CA2B2B7504A700759F3B /* SuggestionsView.swift */,
			);
			path = View;
			sourceTree = "<group>";
		};
		C8F6CA192B73C18C00759F3B /* ArtistDetails */ = {
			isa = PBXGroup;
			children = (
				C8F6CA302B7508B900759F3B /* AlbumsRepository.swift */,
				C8F6CA1D2B73C21400759F3B /* ArtistDetailsViewModel.swift */,
				C8F6CA2D2B75080000759F3B /* Entity */,
				C8F6CA1A2B73C19700759F3B /* View */,
			);
			path = ArtistDetails;
			sourceTree = "<group>";
		};
		C8F6CA1A2B73C19700759F3B /* View */ = {
			isa = PBXGroup;
			children = (
				C8F6CA1B2B73C1A700759F3B /* ArtistDetailsView.swift */,
				C8F6CA272B74EC1C00759F3B /* ArtistInfoView.swift */,
				C8F6CA292B74ECDA00759F3B /* RecordingsView.swift */,
			);
			path = View;
			sourceTree = "<group>";
		};
		C8F6CA212B74E37C00759F3B /* View */ = {
			isa = PBXGroup;
			children = (
				C8F6CA222B74E39200759F3B /* LoadingProgressIndicator.swift */,
			);
			path = View;
			sourceTree = "<group>";
		};
		C8F6CA2D2B75080000759F3B /* Entity */ = {
			isa = PBXGroup;
			children = (
				C8F6CA2E2B75082E00759F3B /* RecordingsContainer.swift */,
			);
			path = Entity;
			sourceTree = "<group>";
		};
/* End PBXGroup section */

/* Begin PBXNativeTarget section */
		C87EB2772B6D4CED00576E77 /* MetricMusic */ = {
			isa = PBXNativeTarget;
			buildConfigurationList = C87EB29C2B6D4CEF00576E77 /* Build configuration list for PBXNativeTarget "MetricMusic" */;
			buildPhases = (
				C87EB2742B6D4CED00576E77 /* Sources */,
				C87EB2752B6D4CED00576E77 /* Frameworks */,
				C87EB2762B6D4CED00576E77 /* Resources */,
			);
			buildRules = (
			);
			dependencies = (
			);
			name = MetricMusic;
			productName = MetricMusic;
			productReference = C87EB2782B6D4CED00576E77 /* MetricMusic.app */;
			productType = "com.apple.product-type.application";
		};
		C87EB2872B6D4CEF00576E77 /* MetricMusicTests */ = {
			isa = PBXNativeTarget;
			buildConfigurationList = C87EB29F2B6D4CEF00576E77 /* Build configuration list for PBXNativeTarget "MetricMusicTests" */;
			buildPhases = (
				C87EB2842B6D4CEF00576E77 /* Sources */,
				C87EB2852B6D4CEF00576E77 /* Frameworks */,
				C87EB2862B6D4CEF00576E77 /* Resources */,
			);
			buildRules = (
			);
			dependencies = (
				C87EB28A2B6D4CEF00576E77 /* PBXTargetDependency */,
			);
			name = MetricMusicTests;
			productName = MetricMusicTests;
			productReference = C87EB2882B6D4CEF00576E77 /* MetricMusicTests.xctest */;
			productType = "com.apple.product-type.bundle.unit-test";
		};
/* End PBXNativeTarget section */

/* Begin PBXProject section */
		C87EB2702B6D4CED00576E77 /* Project object */ = {
			isa = PBXProject;
			attributes = {
				BuildIndependentTargetsInParallel = 1;
				LastSwiftUpdateCheck = 1520;
				LastUpgradeCheck = 1520;
				TargetAttributes = {
					C87EB2772B6D4CED00576E77 = {
						CreatedOnToolsVersion = 15.2;
					};
					C87EB2872B6D4CEF00576E77 = {
						CreatedOnToolsVersion = 15.2;
						TestTargetID = C87EB2772B6D4CED00576E77;
					};
				};
			};
			buildConfigurationList = C87EB2732B6D4CED00576E77 /* Build configuration list for PBXProject "MetricMusic" */;
			compatibilityVersion = "Xcode 14.0";
			developmentRegion = en;
			hasScannedForEncodings = 0;
			knownRegions = (
				en,
				Base,
			);
			mainGroup = C87EB26F2B6D4CED00576E77;
			productRefGroup = C87EB2792B6D4CED00576E77 /* Products */;
			projectDirPath = "";
			projectRoot = "";
			targets = (
				C87EB2772B6D4CED00576E77 /* MetricMusic */,
				C87EB2872B6D4CEF00576E77 /* MetricMusicTests */,
			);
		};
/* End PBXProject section */

/* Begin PBXResourcesBuildPhase section */
		C87EB2762B6D4CED00576E77 /* Resources */ = {
			isa = PBXResourcesBuildPhase;
			buildActionMask = 2147483647;
			files = (
				C87EB2832B6D4CEF00576E77 /* Preview Assets.xcassets in Resources */,
				C87EB2802B6D4CEF00576E77 /* Assets.xcassets in Resources */,
			);
			runOnlyForDeploymentPostprocessing = 0;
		};
		C87EB2862B6D4CEF00576E77 /* Resources */ = {
			isa = PBXResourcesBuildPhase;
			buildActionMask = 2147483647;
			files = (
			);
			runOnlyForDeploymentPostprocessing = 0;
		};
/* End PBXResourcesBuildPhase section */

/* Begin PBXSourcesBuildPhase section */
		C87EB2742B6D4CED00576E77 /* Sources */ = {
			isa = PBXSourcesBuildPhase;
			buildActionMask = 2147483647;
			files = (
				C80B4F9C2B72BBA7000702F9 /* Artist.swift in Sources */,
				C8F6CA312B7508B900759F3B /* AlbumsRepository.swift in Sources */,
				C8F6CA1C2B73C1A700759F3B /* ArtistDetailsView.swift in Sources */,
				C8F6CA2F2B75082E00759F3B /* RecordingsContainer.swift in Sources */,
				C8F6CA1E2B73C21400759F3B /* ArtistDetailsViewModel.swift in Sources */,
				C8F6CA332B75091600759F3B /* ArtistRepository.swift in Sources */,
				C87EB27E2B6D4CED00576E77 /* BrowseView.swift in Sources */,
				C87EB27C2B6D4CED00576E77 /* MetricMusicApp.swift in Sources */,
				C8F6CA2A2B74ECDA00759F3B /* RecordingsView.swift in Sources */,
				C8F6CA2C2B7504A700759F3B /* SuggestionsView.swift in Sources */,
				C8F6CA252B74E6BF00759F3B /* FavoritesEmptyStateView.swift in Sources */,
				C8F6CA232B74E39200759F3B /* LoadingProgressIndicator.swift in Sources */,
				C80B4F992B72B64A000702F9 /* Repository.swift in Sources */,
				C8F6CA352B750CCC00759F3B /* Debouncer.swift in Sources */,
				C87EB2A92B6D531500576E77 /* BrowseViewModel.swift in Sources */,
				C8F6CA182B73A8D900759F3B /* AristSuggestionView.swift in Sources */,
				C8F6CA152B72D45D00759F3B /* ArtistMB.swift in Sources */,
				C8F6CA202B74D12E00759F3B /* PersistentStorage.swift in Sources */,
				C80B4F942B72B1E8000702F9 /* NetworkingService.swift in Sources */,
				C8F6CA282B74EC1C00759F3B /* ArtistInfoView.swift in Sources */,
			);
			runOnlyForDeploymentPostprocessing = 0;
		};
		C87EB2842B6D4CEF00576E77 /* Sources */ = {
			isa = PBXSourcesBuildPhase;
			buildActionMask = 2147483647;
			files = (
				C80B4F9F2B72BBC9000702F9 /* ArtistTests.swift in Sources */,
				C8F6CA372B75249900759F3B /* ArtistDetailsViewModelTests.swift in Sources */,
				C87EB28D2B6D4CEF00576E77 /* BrowseViewModelTests.swift in Sources */,
			);
			runOnlyForDeploymentPostprocessing = 0;
		};
/* End PBXSourcesBuildPhase section */

/* Begin PBXTargetDependency section */
		C87EB28A2B6D4CEF00576E77 /* PBXTargetDependency */ = {
			isa = PBXTargetDependency;
			target = C87EB2772B6D4CED00576E77 /* MetricMusic */;
			targetProxy = C87EB2892B6D4CEF00576E77 /* PBXContainerItemProxy */;
		};
/* End PBXTargetDependency section */

/* Begin XCBuildConfiguration section */
		C87EB29A2B6D4CEF00576E77 /* Debug */ = {
			isa = XCBuildConfiguration;
			buildSettings = {
				ALWAYS_SEARCH_USER_PATHS = NO;
				ASSETCATALOG_COMPILER_GENERATE_SWIFT_ASSET_SYMBOL_EXTENSIONS = YES;
				CLANG_ANALYZER_NONNULL = YES;
				CLANG_ANALYZER_NUMBER_OBJECT_CONVERSION = YES_AGGRESSIVE;
				CLANG_CXX_LANGUAGE_STANDARD = "gnu++20";
				CLANG_ENABLE_MODULES = YES;
				CLANG_ENABLE_OBJC_ARC = YES;
				CLANG_ENABLE_OBJC_WEAK = YES;
				CLANG_WARN_BLOCK_CAPTURE_AUTORELEASING = YES;
				CLANG_WARN_BOOL_CONVERSION = YES;
				CLANG_WARN_COMMA = YES;
				CLANG_WARN_CONSTANT_CONVERSION = YES;
				CLANG_WARN_DEPRECATED_OBJC_IMPLEMENTATIONS = YES;
				CLANG_WARN_DIRECT_OBJC_ISA_USAGE = YES_ERROR;
				CLANG_WARN_DOCUMENTATION_COMMENTS = YES;
				CLANG_WARN_EMPTY_BODY = YES;
				CLANG_WARN_ENUM_CONVERSION = YES;
				CLANG_WARN_INFINITE_RECURSION = YES;
				CLANG_WARN_INT_CONVERSION = YES;
				CLANG_WARN_NON_LITERAL_NULL_CONVERSION = YES;
				CLANG_WARN_OBJC_IMPLICIT_RETAIN_SELF = YES;
				CLANG_WARN_OBJC_LITERAL_CONVERSION = YES;
				CLANG_WARN_OBJC_ROOT_CLASS = YES_ERROR;
				CLANG_WARN_QUOTED_INCLUDE_IN_FRAMEWORK_HEADER = YES;
				CLANG_WARN_RANGE_LOOP_ANALYSIS = YES;
				CLANG_WARN_STRICT_PROTOTYPES = YES;
				CLANG_WARN_SUSPICIOUS_MOVE = YES;
				CLANG_WARN_UNGUARDED_AVAILABILITY = YES_AGGRESSIVE;
				CLANG_WARN_UNREACHABLE_CODE = YES;
				CLANG_WARN__DUPLICATE_METHOD_MATCH = YES;
				COPY_PHASE_STRIP = NO;
				DEBUG_INFORMATION_FORMAT = dwarf;
				ENABLE_STRICT_OBJC_MSGSEND = YES;
				ENABLE_TESTABILITY = YES;
				ENABLE_USER_SCRIPT_SANDBOXING = YES;
				GCC_C_LANGUAGE_STANDARD = gnu17;
				GCC_DYNAMIC_NO_PIC = NO;
				GCC_NO_COMMON_BLOCKS = YES;
				GCC_OPTIMIZATION_LEVEL = 0;
				GCC_PREPROCESSOR_DEFINITIONS = (
					"DEBUG=1",
					"$(inherited)",
				);
				GCC_WARN_64_TO_32_BIT_CONVERSION = YES;
				GCC_WARN_ABOUT_RETURN_TYPE = YES_ERROR;
				GCC_WARN_UNDECLARED_SELECTOR = YES;
				GCC_WARN_UNINITIALIZED_AUTOS = YES_AGGRESSIVE;
				GCC_WARN_UNUSED_FUNCTION = YES;
				GCC_WARN_UNUSED_VARIABLE = YES;
				IPHONEOS_DEPLOYMENT_TARGET = 17.2;
				LOCALIZATION_PREFERS_STRING_CATALOGS = YES;
				MTL_ENABLE_DEBUG_INFO = INCLUDE_SOURCE;
				MTL_FAST_MATH = YES;
				ONLY_ACTIVE_ARCH = YES;
				SDKROOT = iphoneos;
				SWIFT_ACTIVE_COMPILATION_CONDITIONS = "DEBUG $(inherited)";
				SWIFT_OPTIMIZATION_LEVEL = "-Onone";
			};
			name = Debug;
		};
		C87EB29B2B6D4CEF00576E77 /* Release */ = {
			isa = XCBuildConfiguration;
			buildSettings = {
				ALWAYS_SEARCH_USER_PATHS = NO;
				ASSETCATALOG_COMPILER_GENERATE_SWIFT_ASSET_SYMBOL_EXTENSIONS = YES;
				CLANG_ANALYZER_NONNULL = YES;
				CLANG_ANALYZER_NUMBER_OBJECT_CONVERSION = YES_AGGRESSIVE;
				CLANG_CXX_LANGUAGE_STANDARD = "gnu++20";
				CLANG_ENABLE_MODULES = YES;
				CLANG_ENABLE_OBJC_ARC = YES;
				CLANG_ENABLE_OBJC_WEAK = YES;
				CLANG_WARN_BLOCK_CAPTURE_AUTORELEASING = YES;
				CLANG_WARN_BOOL_CONVERSION = YES;
				CLANG_WARN_COMMA = YES;
				CLANG_WARN_CONSTANT_CONVERSION = YES;
				CLANG_WARN_DEPRECATED_OBJC_IMPLEMENTATIONS = YES;
				CLANG_WARN_DIRECT_OBJC_ISA_USAGE = YES_ERROR;
				CLANG_WARN_DOCUMENTATION_COMMENTS = YES;
				CLANG_WARN_EMPTY_BODY = YES;
				CLANG_WARN_ENUM_CONVERSION = YES;
				CLANG_WARN_INFINITE_RECURSION = YES;
				CLANG_WARN_INT_CONVERSION = YES;
				CLANG_WARN_NON_LITERAL_NULL_CONVERSION = YES;
				CLANG_WARN_OBJC_IMPLICIT_RETAIN_SELF = YES;
				CLANG_WARN_OBJC_LITERAL_CONVERSION = YES;
				CLANG_WARN_OBJC_ROOT_CLASS = YES_ERROR;
				CLANG_WARN_QUOTED_INCLUDE_IN_FRAMEWORK_HEADER = YES;
				CLANG_WARN_RANGE_LOOP_ANALYSIS = YES;
				CLANG_WARN_STRICT_PROTOTYPES = YES;
				CLANG_WARN_SUSPICIOUS_MOVE = YES;
				CLANG_WARN_UNGUARDED_AVAILABILITY = YES_AGGRESSIVE;
				CLANG_WARN_UNREACHABLE_CODE = YES;
				CLANG_WARN__DUPLICATE_METHOD_MATCH = YES;
				COPY_PHASE_STRIP = NO;
				DEBUG_INFORMATION_FORMAT = "dwarf-with-dsym";
				ENABLE_NS_ASSERTIONS = NO;
				ENABLE_STRICT_OBJC_MSGSEND = YES;
				ENABLE_USER_SCRIPT_SANDBOXING = YES;
				GCC_C_LANGUAGE_STANDARD = gnu17;
				GCC_NO_COMMON_BLOCKS = YES;
				GCC_WARN_64_TO_32_BIT_CONVERSION = YES;
				GCC_WARN_ABOUT_RETURN_TYPE = YES_ERROR;
				GCC_WARN_UNDECLARED_SELECTOR = YES;
				GCC_WARN_UNINITIALIZED_AUTOS = YES_AGGRESSIVE;
				GCC_WARN_UNUSED_FUNCTION = YES;
				GCC_WARN_UNUSED_VARIABLE = YES;
				IPHONEOS_DEPLOYMENT_TARGET = 17.2;
				LOCALIZATION_PREFERS_STRING_CATALOGS = YES;
				MTL_ENABLE_DEBUG_INFO = NO;
				MTL_FAST_MATH = YES;
				SDKROOT = iphoneos;
				SWIFT_COMPILATION_MODE = wholemodule;
				VALIDATE_PRODUCT = YES;
			};
			name = Release;
		};
		C87EB29D2B6D4CEF00576E77 /* Debug */ = {
			isa = XCBuildConfiguration;
			buildSettings = {
				ASSETCATALOG_COMPILER_APPICON_NAME = AppIcon;
				ASSETCATALOG_COMPILER_GLOBAL_ACCENT_COLOR_NAME = AccentColor;
				CODE_SIGN_STYLE = Automatic;
				CURRENT_PROJECT_VERSION = 1;
				DEVELOPMENT_ASSET_PATHS = "\"MetricMusic/Preview Content\"";
				DEVELOPMENT_TEAM = M5YJ2XAG2D;
				ENABLE_PREVIEWS = YES;
				GENERATE_INFOPLIST_FILE = YES;
				INFOPLIST_KEY_UIApplicationSceneManifest_Generation = YES;
				INFOPLIST_KEY_UIApplicationSupportsIndirectInputEvents = YES;
				INFOPLIST_KEY_UILaunchScreen_Generation = YES;
				INFOPLIST_KEY_UISupportedInterfaceOrientations_iPad = "UIInterfaceOrientationPortrait UIInterfaceOrientationPortraitUpsideDown UIInterfaceOrientationLandscapeLeft UIInterfaceOrientationLandscapeRight";
				INFOPLIST_KEY_UISupportedInterfaceOrientations_iPhone = "UIInterfaceOrientationPortrait UIInterfaceOrientationLandscapeLeft UIInterfaceOrientationLandscapeRight";
				IPHONEOS_DEPLOYMENT_TARGET = 17.0;
				LD_RUNPATH_SEARCH_PATHS = (
					"$(inherited)",
					"@executable_path/Frameworks",
				);
				MARKETING_VERSION = 1.0;
				PRODUCT_BUNDLE_IDENTIFIER = com.blob8129.MetricMusic;
				PRODUCT_NAME = "$(TARGET_NAME)";
				SWIFT_EMIT_LOC_STRINGS = YES;
				SWIFT_VERSION = 5.0;
				TARGETED_DEVICE_FAMILY = "1,2";
			};
			name = Debug;
		};
		C87EB29E2B6D4CEF00576E77 /* Release */ = {
			isa = XCBuildConfiguration;
			buildSettings = {
				ASSETCATALOG_COMPILER_APPICON_NAME = AppIcon;
				ASSETCATALOG_COMPILER_GLOBAL_ACCENT_COLOR_NAME = AccentColor;
				CODE_SIGN_STYLE = Automatic;
				CURRENT_PROJECT_VERSION = 1;
				DEVELOPMENT_ASSET_PATHS = "\"MetricMusic/Preview Content\"";
				DEVELOPMENT_TEAM = M5YJ2XAG2D;
				ENABLE_PREVIEWS = YES;
				GENERATE_INFOPLIST_FILE = YES;
				INFOPLIST_KEY_UIApplicationSceneManifest_Generation = YES;
				INFOPLIST_KEY_UIApplicationSupportsIndirectInputEvents = YES;
				INFOPLIST_KEY_UILaunchScreen_Generation = YES;
				INFOPLIST_KEY_UISupportedInterfaceOrientations_iPad = "UIInterfaceOrientationPortrait UIInterfaceOrientationPortraitUpsideDown UIInterfaceOrientationLandscapeLeft UIInterfaceOrientationLandscapeRight";
				INFOPLIST_KEY_UISupportedInterfaceOrientations_iPhone = "UIInterfaceOrientationPortrait UIInterfaceOrientationLandscapeLeft UIInterfaceOrientationLandscapeRight";
				IPHONEOS_DEPLOYMENT_TARGET = 17.0;
				LD_RUNPATH_SEARCH_PATHS = (
					"$(inherited)",
					"@executable_path/Frameworks",
				);
				MARKETING_VERSION = 1.0;
				PRODUCT_BUNDLE_IDENTIFIER = com.blob8129.MetricMusic;
				PRODUCT_NAME = "$(TARGET_NAME)";
				SWIFT_EMIT_LOC_STRINGS = YES;
				SWIFT_VERSION = 5.0;
				TARGETED_DEVICE_FAMILY = "1,2";
			};
			name = Release;
		};
		C87EB2A02B6D4CEF00576E77 /* Debug */ = {
			isa = XCBuildConfiguration;
			buildSettings = {
				ALWAYS_EMBED_SWIFT_STANDARD_LIBRARIES = YES;
				BUNDLE_LOADER = "$(TEST_HOST)";
				CODE_SIGN_STYLE = Automatic;
				CURRENT_PROJECT_VERSION = 1;
				DEVELOPMENT_TEAM = M5YJ2XAG2D;
				GENERATE_INFOPLIST_FILE = YES;
				IPHONEOS_DEPLOYMENT_TARGET = 17.2;
				MARKETING_VERSION = 1.0;
				PRODUCT_BUNDLE_IDENTIFIER = com.blob8129.MetricMusicTests;
				PRODUCT_NAME = "$(TARGET_NAME)";
				SWIFT_EMIT_LOC_STRINGS = NO;
				SWIFT_VERSION = 5.0;
				TARGETED_DEVICE_FAMILY = "1,2";
				TEST_HOST = "$(BUILT_PRODUCTS_DIR)/MetricMusic.app/$(BUNDLE_EXECUTABLE_FOLDER_PATH)/MetricMusic";
			};
			name = Debug;
		};
		C87EB2A12B6D4CEF00576E77 /* Release */ = {
			isa = XCBuildConfiguration;
			buildSettings = {
				ALWAYS_EMBED_SWIFT_STANDARD_LIBRARIES = YES;
				BUNDLE_LOADER = "$(TEST_HOST)";
				CODE_SIGN_STYLE = Automatic;
				CURRENT_PROJECT_VERSION = 1;
				DEVELOPMENT_TEAM = M5YJ2XAG2D;
				GENERATE_INFOPLIST_FILE = YES;
				IPHONEOS_DEPLOYMENT_TARGET = 17.2;
				MARKETING_VERSION = 1.0;
				PRODUCT_BUNDLE_IDENTIFIER = com.blob8129.MetricMusicTests;
				PRODUCT_NAME = "$(TARGET_NAME)";
				SWIFT_EMIT_LOC_STRINGS = NO;
				SWIFT_VERSION = 5.0;
				TARGETED_DEVICE_FAMILY = "1,2";
				TEST_HOST = "$(BUILT_PRODUCTS_DIR)/MetricMusic.app/$(BUNDLE_EXECUTABLE_FOLDER_PATH)/MetricMusic";
			};
			name = Release;
		};
/* End XCBuildConfiguration section */

/* Begin XCConfigurationList section */
		C87EB2732B6D4CED00576E77 /* Build configuration list for PBXProject "MetricMusic" */ = {
			isa = XCConfigurationList;
			buildConfigurations = (
				C87EB29A2B6D4CEF00576E77 /* Debug */,
				C87EB29B2B6D4CEF00576E77 /* Release */,
			);
			defaultConfigurationIsVisible = 0;
			defaultConfigurationName = Release;
		};
		C87EB29C2B6D4CEF00576E77 /* Build configuration list for PBXNativeTarget "MetricMusic" */ = {
			isa = XCConfigurationList;
			buildConfigurations = (
				C87EB29D2B6D4CEF00576E77 /* Debug */,
				C87EB29E2B6D4CEF00576E77 /* Release */,
			);
			defaultConfigurationIsVisible = 0;
			defaultConfigurationName = Release;
		};
		C87EB29F2B6D4CEF00576E77 /* Build configuration list for PBXNativeTarget "MetricMusicTests" */ = {
			isa = XCConfigurationList;
			buildConfigurations = (
				C87EB2A02B6D4CEF00576E77 /* Debug */,
				C87EB2A12B6D4CEF00576E77 /* Release */,
			);
			defaultConfigurationIsVisible = 0;
			defaultConfigurationName = Release;
		};
/* End XCConfigurationList section */
	};
	rootObject = C87EB2702B6D4CED00576E77 /* Project object */;
}
